// !$*UTF8*$!
{
	archiveVersion = 1;
	classes = {
	};
	objectVersion = 50;
	objects = {

/* Begin PBXBuildFile section */
		DC842F0A24B6957A00C94EA9 /* AppDelegate.swift in Sources */ = {isa = PBXBuildFile; fileRef = DC842F0924B6957A00C94EA9 /* AppDelegate.swift */; };
		DC842F0C24B6957A00C94EA9 /* SceneDelegate.swift in Sources */ = {isa = PBXBuildFile; fileRef = DC842F0B24B6957A00C94EA9 /* SceneDelegate.swift */; };
		DC842F0E24B6957A00C94EA9 /* ViewController.swift in Sources */ = {isa = PBXBuildFile; fileRef = DC842F0D24B6957A00C94EA9 /* ViewController.swift */; };
		DC842F1124B6957A00C94EA9 /* Main.storyboard in Resources */ = {isa = PBXBuildFile; fileRef = DC842F0F24B6957A00C94EA9 /* Main.storyboard */; };
		DC842F1324B6957C00C94EA9 /* Assets.xcassets in Resources */ = {isa = PBXBuildFile; fileRef = DC842F1224B6957C00C94EA9 /* Assets.xcassets */; };
		DC842F1624B6957C00C94EA9 /* LaunchScreen.storyboard in Resources */ = {isa = PBXBuildFile; fileRef = DC842F1424B6957C00C94EA9 /* LaunchScreen.storyboard */; };
		DC842F2124B6957C00C94EA9 /* breakevenTests.swift in Sources */ = {isa = PBXBuildFile; fileRef = DC842F2024B6957C00C94EA9 /* breakevenTests.swift */; };
		DC842F2C24B6957C00C94EA9 /* breakevenUITests.swift in Sources */ = {isa = PBXBuildFile; fileRef = DC842F2B24B6957C00C94EA9 /* breakevenUITests.swift */; };
/* End PBXBuildFile section */

/* Begin PBXContainerItemProxy section */
		DC842F1D24B6957C00C94EA9 /* PBXContainerItemProxy */ = {
			isa = PBXContainerItemProxy;
			containerPortal = DC842EFE24B6957A00C94EA9 /* Project object */;
			proxyType = 1;
			remoteGlobalIDString = DC842F0524B6957A00C94EA9;
			remoteInfo = breakeven;
		};
		DC842F2824B6957C00C94EA9 /* PBXContainerItemProxy */ = {
			isa = PBXContainerItemProxy;
			containerPortal = DC842EFE24B6957A00C94EA9 /* Project object */;
			proxyType = 1;
			remoteGlobalIDString = DC842F0524B6957A00C94EA9;
			remoteInfo = breakeven;
		};
/* End PBXContainerItemProxy section */

/* Begin PBXFileReference section */
		DC842F0624B6957A00C94EA9 /* breakeven.app */ = {isa = PBXFileReference; explicitFileType = wrapper.application; includeInIndex = 0; path = breakeven.app; sourceTree = BUILT_PRODUCTS_DIR; };
		DC842F0924B6957A00C94EA9 /* AppDelegate.swift */ = {isa = PBXFileReference; lastKnownFileType = sourcecode.swift; path = AppDelegate.swift; sourceTree = "<group>"; };
		DC842F0B24B6957A00C94EA9 /* SceneDelegate.swift */ = {isa = PBXFileReference; lastKnownFileType = sourcecode.swift; path = SceneDelegate.swift; sourceTree = "<group>"; };
		DC842F0D24B6957A00C94EA9 /* ViewController.swift */ = {isa = PBXFileReference; lastKnownFileType = sourcecode.swift; path = ViewController.swift; sourceTree = "<group>"; };
		DC842F1024B6957A00C94EA9 /* Base */ = {isa = PBXFileReference; lastKnownFileType = file.storyboard; name = Base; path = Base.lproj/Main.storyboard; sourceTree = "<group>"; };
		DC842F1224B6957C00C94EA9 /* Assets.xcassets */ = {isa = PBXFileReference; lastKnownFileType = folder.assetcatalog; path = Assets.xcassets; sourceTree = "<group>"; };
		DC842F1524B6957C00C94EA9 /* Base */ = {isa = PBXFileReference; lastKnownFileType = file.storyboard; name = Base; path = Base.lproj/LaunchScreen.storyboard; sourceTree = "<group>"; };
		DC842F1724B6957C00C94EA9 /* Info.plist */ = {isa = PBXFileReference; lastKnownFileType = text.plist.xml; path = Info.plist; sourceTree = "<group>"; };
		DC842F1C24B6957C00C94EA9 /* breakevenTests.xctest */ = {isa = PBXFileReference; explicitFileType = wrapper.cfbundle; includeInIndex = 0; path = breakevenTests.xctest; sourceTree = BUILT_PRODUCTS_DIR; };
		DC842F2024B6957C00C94EA9 /* breakevenTests.swift */ = {isa = PBXFileReference; lastKnownFileType = sourcecode.swift; path = breakevenTests.swift; sourceTree = "<group>"; };
		DC842F2224B6957C00C94EA9 /* Info.plist */ = {isa = PBXFileReference; lastKnownFileType = text.plist.xml; path = Info.plist; sourceTree = "<group>"; };
		DC842F2724B6957C00C94EA9 /* breakevenUITests.xctest */ = {isa = PBXFileReference; explicitFileType = wrapper.cfbundle; includeInIndex = 0; path = breakevenUITests.xctest; sourceTree = BUILT_PRODUCTS_DIR; };
		DC842F2B24B6957C00C94EA9 /* breakevenUITests.swift */ = {isa = PBXFileReference; lastKnownFileType = sourcecode.swift; path = breakevenUITests.swift; sourceTree = "<group>"; };
		DC842F2D24B6957C00C94EA9 /* Info.plist */ = {isa = PBXFileReference; lastKnownFileType = text.plist.xml; path = Info.plist; sourceTree = "<group>"; };
/* End PBXFileReference section */

/* Begin PBXFrameworksBuildPhase section */
		DC842F0324B6957A00C94EA9 /* Frameworks */ = {
			isa = PBXFrameworksBuildPhase;
			buildActionMask = 2147483647;
			files = (
			);
			runOnlyForDeploymentPostprocessing = 0;
		};
		DC842F1924B6957C00C94EA9 /* Frameworks */ = {
			isa = PBXFrameworksBuildPhase;
			buildActionMask = 2147483647;
			files = (
			);
			runOnlyForDeploymentPostprocessing = 0;
		};
		DC842F2424B6957C00C94EA9 /* Frameworks */ = {
			isa = PBXFrameworksBuildPhase;
			buildActionMask = 2147483647;
			files = (
			);
			runOnlyForDeploymentPostprocessing = 0;
		};
/* End PBXFrameworksBuildPhase section */

/* Begin PBXGroup section */
		DC842EFD24B6957A00C94EA9 = {
			isa = PBXGroup;
			children = (
				DC842F0824B6957A00C94EA9 /* breakeven */,
				DC842F1F24B6957C00C94EA9 /* breakevenTests */,
				DC842F2A24B6957C00C94EA9 /* breakevenUITests */,
				DC842F0724B6957A00C94EA9 /* Products */,
			);
			sourceTree = "<group>";
		};
		DC842F0724B6957A00C94EA9 /* Products */ = {
			isa = PBXGroup;
			children = (
				DC842F0624B6957A00C94EA9 /* breakeven.app */,
				DC842F1C24B6957C00C94EA9 /* breakevenTests.xctest */,
				DC842F2724B6957C00C94EA9 /* breakevenUITests.xctest */,
			);
			name = Products;
			sourceTree = "<group>";
		};
		DC842F0824B6957A00C94EA9 /* breakeven */ = {
			isa = PBXGroup;
			children = (
				DC842F0924B6957A00C94EA9 /* AppDelegate.swift */,
				DC842F0B24B6957A00C94EA9 /* SceneDelegate.swift */,
				DC842F0D24B6957A00C94EA9 /* ViewController.swift */,
				DC842F0F24B6957A00C94EA9 /* Main.storyboard */,
				DC842F1224B6957C00C94EA9 /* Assets.xcassets */,
				DC842F1424B6957C00C94EA9 /* LaunchScreen.storyboard */,
				DC842F1724B6957C00C94EA9 /* Info.plist */,
			);
			path = breakeven;
			sourceTree = "<group>";
		};
		DC842F1F24B6957C00C94EA9 /* breakevenTests */ = {
			isa = PBXGroup;
			children = (
				DC842F2024B6957C00C94EA9 /* breakevenTests.swift */,
				DC842F2224B6957C00C94EA9 /* Info.plist */,
			);
			path = breakevenTests;
			sourceTree = "<group>";
		};
		DC842F2A24B6957C00C94EA9 /* breakevenUITests */ = {
			isa = PBXGroup;
			children = (
				DC842F2B24B6957C00C94EA9 /* breakevenUITests.swift */,
				DC842F2D24B6957C00C94EA9 /* Info.plist */,
			);
			path = breakevenUITests;
			sourceTree = "<group>";
		};
/* End PBXGroup section */

/* Begin PBXNativeTarget section */
		DC842F0524B6957A00C94EA9 /* breakeven */ = {
			isa = PBXNativeTarget;
			buildConfigurationList = DC842F3024B6957C00C94EA9 /* Build configuration list for PBXNativeTarget "breakeven" */;
			buildPhases = (
				DC842F0224B6957A00C94EA9 /* Sources */,
				DC842F0324B6957A00C94EA9 /* Frameworks */,
				DC842F0424B6957A00C94EA9 /* Resources */,
			);
			buildRules = (
			);
			dependencies = (
			);
			name = breakeven;
			productName = breakeven;
			productReference = DC842F0624B6957A00C94EA9 /* breakeven.app */;
			productType = "com.apple.product-type.application";
		};
		DC842F1B24B6957C00C94EA9 /* breakevenTests */ = {
			isa = PBXNativeTarget;
			buildConfigurationList = DC842F3324B6957C00C94EA9 /* Build configuration list for PBXNativeTarget "breakevenTests" */;
			buildPhases = (
				DC842F1824B6957C00C94EA9 /* Sources */,
				DC842F1924B6957C00C94EA9 /* Frameworks */,
				DC842F1A24B6957C00C94EA9 /* Resources */,
			);
			buildRules = (
			);
			dependencies = (
				DC842F1E24B6957C00C94EA9 /* PBXTargetDependency */,
			);
			name = breakevenTests;
			productName = breakevenTests;
			productReference = DC842F1C24B6957C00C94EA9 /* breakevenTests.xctest */;
			productType = "com.apple.product-type.bundle.unit-test";
		};
		DC842F2624B6957C00C94EA9 /* breakevenUITests */ = {
			isa = PBXNativeTarget;
			buildConfigurationList = DC842F3624B6957C00C94EA9 /* Build configuration list for PBXNativeTarget "breakevenUITests" */;
			buildPhases = (
				DC842F2324B6957C00C94EA9 /* Sources */,
				DC842F2424B6957C00C94EA9 /* Frameworks */,
				DC842F2524B6957C00C94EA9 /* Resources */,
			);
			buildRules = (
			);
			dependencies = (
				DC842F2924B6957C00C94EA9 /* PBXTargetDependency */,
			);
			name = breakevenUITests;
			productName = breakevenUITests;
			productReference = DC842F2724B6957C00C94EA9 /* breakevenUITests.xctest */;
			productType = "com.apple.product-type.bundle.ui-testing";
		};
/* End PBXNativeTarget section */

/* Begin PBXProject section */
		DC842EFE24B6957A00C94EA9 /* Project object */ = {
			isa = PBXProject;
			attributes = {
				LastSwiftUpdateCheck = 1200;
				LastUpgradeCheck = 1200;
				TargetAttributes = {
					DC842F0524B6957A00C94EA9 = {
						CreatedOnToolsVersion = 12.0;
					};
					DC842F1B24B6957C00C94EA9 = {
						CreatedOnToolsVersion = 12.0;
						TestTargetID = DC842F0524B6957A00C94EA9;
					};
					DC842F2624B6957C00C94EA9 = {
						CreatedOnToolsVersion = 12.0;
						TestTargetID = DC842F0524B6957A00C94EA9;
					};
				};
			};
			buildConfigurationList = DC842F0124B6957A00C94EA9 /* Build configuration list for PBXProject "breakeven" */;
			compatibilityVersion = "Xcode 9.3";
			developmentRegion = en;
			hasScannedForEncodings = 0;
			knownRegions = (
				en,
				Base,
			);
			mainGroup = DC842EFD24B6957A00C94EA9;
			productRefGroup = DC842F0724B6957A00C94EA9 /* Products */;
			projectDirPath = "";
			projectRoot = "";
			targets = (
				DC842F0524B6957A00C94EA9 /* breakeven */,
				DC842F1B24B6957C00C94EA9 /* breakevenTests */,
				DC842F2624B6957C00C94EA9 /* breakevenUITests */,
			);
		};
/* End PBXProject section */

/* Begin PBXResourcesBuildPhase section */
		DC842F0424B6957A00C94EA9 /* Resources */ = {
			isa = PBXResourcesBuildPhase;
			buildActionMask = 2147483647;
			files = (
				DC842F1624B6957C00C94EA9 /* LaunchScreen.storyboard in Resources */,
				DC842F1324B6957C00C94EA9 /* Assets.xcassets in Resources */,
				DC842F1124B6957A00C94EA9 /* Main.storyboard in Resources */,
			);
			runOnlyForDeploymentPostprocessing = 0;
		};
		DC842F1A24B6957C00C94EA9 /* Resources */ = {
			isa = PBXResourcesBuildPhase;
			buildActionMask = 2147483647;
			files = (
			);
			runOnlyForDeploymentPostprocessing = 0;
		};
		DC842F2524B6957C00C94EA9 /* Resources */ = {
			isa = PBXResourcesBuildPhase;
			buildActionMask = 2147483647;
			files = (
			);
			runOnlyForDeploymentPostprocessing = 0;
		};
/* End PBXResourcesBuildPhase section */

/* Begin PBXSourcesBuildPhase section */
		DC842F0224B6957A00C94EA9 /* Sources */ = {
			isa = PBXSourcesBuildPhase;
			buildActionMask = 2147483647;
			files = (
				DC842F0E24B6957A00C94EA9 /* ViewController.swift in Sources */,
				DC842F0A24B6957A00C94EA9 /* AppDelegate.swift in Sources */,
				DC842F0C24B6957A00C94EA9 /* SceneDelegate.swift in Sources */,
			);
			runOnlyForDeploymentPostprocessing = 0;
		};
		DC842F1824B6957C00C94EA9 /* Sources */ = {
			isa = PBXSourcesBuildPhase;
			buildActionMask = 2147483647;
			files = (
				DC842F2124B6957C00C94EA9 /* breakevenTests.swift in Sources */,
			);
			runOnlyForDeploymentPostprocessing = 0;
		};
		DC842F2324B6957C00C94EA9 /* Sources */ = {
			isa = PBXSourcesBuildPhase;
			buildActionMask = 2147483647;
			files = (
				DC842F2C24B6957C00C94EA9 /* breakevenUITests.swift in Sources */,
			);
			runOnlyForDeploymentPostprocessing = 0;
		};
/* End PBXSourcesBuildPhase section */

/* Begin PBXTargetDependency section */
		DC842F1E24B6957C00C94EA9 /* PBXTargetDependency */ = {
			isa = PBXTargetDependency;
			target = DC842F0524B6957A00C94EA9 /* breakeven */;
			targetProxy = DC842F1D24B6957C00C94EA9 /* PBXContainerItemProxy */;
		};
		DC842F2924B6957C00C94EA9 /* PBXTargetDependency */ = {
			isa = PBXTargetDependency;
			target = DC842F0524B6957A00C94EA9 /* breakeven */;
			targetProxy = DC842F2824B6957C00C94EA9 /* PBXContainerItemProxy */;
		};
/* End PBXTargetDependency section */

/* Begin PBXVariantGroup section */
		DC842F0F24B6957A00C94EA9 /* Main.storyboard */ = {
			isa = PBXVariantGroup;
			children = (
				DC842F1024B6957A00C94EA9 /* Base */,
			);
			name = Main.storyboard;
			sourceTree = "<group>";
		};
		DC842F1424B6957C00C94EA9 /* LaunchScreen.storyboard */ = {
			isa = PBXVariantGroup;
			children = (
				DC842F1524B6957C00C94EA9 /* Base */,
			);
			name = LaunchScreen.storyboard;
			sourceTree = "<group>";
		};
/* End PBXVariantGroup section */

/* Begin XCBuildConfiguration section */
		DC842F2E24B6957C00C94EA9 /* Debug */ = {
			isa = XCBuildConfiguration;
			buildSettings = {
				ALWAYS_SEARCH_USER_PATHS = NO;
				CLANG_ANALYZER_NONNULL = YES;
				CLANG_ANALYZER_NUMBER_OBJECT_CONVERSION = YES_AGGRESSIVE;
				CLANG_CXX_LANGUAGE_STANDARD = "gnu++14";
				CLANG_CXX_LIBRARY = "libc++";
				CLANG_ENABLE_MODULES = YES;
				CLANG_ENABLE_OBJC_ARC = YES;
				CLANG_ENABLE_OBJC_WEAK = YES;
				CLANG_WARN_BLOCK_CAPTURE_AUTORELEASING = YES;
				CLANG_WARN_BOOL_CONVERSION = YES;
				CLANG_WARN_COMMA = YES;
				CLANG_WARN_CONSTANT_CONVERSION = YES;
				CLANG_WARN_DEPRECATED_OBJC_IMPLEMENTATIONS = YES;
				CLANG_WARN_DIRECT_OBJC_ISA_USAGE = YES_ERROR;
				CLANG_WARN_DOCUMENTATION_COMMENTS = YES;
				CLANG_WARN_EMPTY_BODY = YES;
				CLANG_WARN_ENUM_CONVERSION = YES;
				CLANG_WARN_INFINITE_RECURSION = YES;
				CLANG_WARN_INT_CONVERSION = YES;
				CLANG_WARN_NON_LITERAL_NULL_CONVERSION = YES;
				CLANG_WARN_OBJC_IMPLICIT_RETAIN_SELF = YES;
				CLANG_WARN_OBJC_LITERAL_CONVERSION = YES;
				CLANG_WARN_OBJC_ROOT_CLASS = YES_ERROR;
				CLANG_WARN_QUOTED_INCLUDE_IN_FRAMEWORK_HEADER = YES;
				CLANG_WARN_RANGE_LOOP_ANALYSIS = YES;
				CLANG_WARN_STRICT_PROTOTYPES = YES;
				CLANG_WARN_SUSPICIOUS_MOVE = YES;
				CLANG_WARN_UNGUARDED_AVAILABILITY = YES_AGGRESSIVE;
				CLANG_WARN_UNREACHABLE_CODE = YES;
				CLANG_WARN__DUPLICATE_METHOD_MATCH = YES;
				COPY_PHASE_STRIP = NO;
				DEBUG_INFORMATION_FORMAT = dwarf;
				ENABLE_STRICT_OBJC_MSGSEND = YES;
				ENABLE_TESTABILITY = YES;
				GCC_C_LANGUAGE_STANDARD = gnu11;
				GCC_DYNAMIC_NO_PIC = NO;
				GCC_NO_COMMON_BLOCKS = YES;
				GCC_OPTIMIZATION_LEVEL = 0;
				GCC_PREPROCESSOR_DEFINITIONS = (
					"DEBUG=1",
					"$(inherited)",
				);
				GCC_WARN_64_TO_32_BIT_CONVERSION = YES;
				GCC_WARN_ABOUT_RETURN_TYPE = YES_ERROR;
				GCC_WARN_UNDECLARED_SELECTOR = YES;
				GCC_WARN_UNINITIALIZED_AUTOS = YES_AGGRESSIVE;
				GCC_WARN_UNUSED_FUNCTION = YES;
				GCC_WARN_UNUSED_VARIABLE = YES;
				IPHONEOS_DEPLOYMENT_TARGET = 14.0;
				MTL_ENABLE_DEBUG_INFO = INCLUDE_SOURCE;
				MTL_FAST_MATH = YES;
				ONLY_ACTIVE_ARCH = YES;
				SDKROOT = iphoneos;
				SWIFT_ACTIVE_COMPILATION_CONDITIONS = DEBUG;
				SWIFT_OPTIMIZATION_LEVEL = "-Onone";
			};
			name = Debug;
		};
		DC842F2F24B6957C00C94EA9 /* Release */ = {
			isa = XCBuildConfiguration;
			buildSettings = {
				ALWAYS_SEARCH_USER_PATHS = NO;
				CLANG_ANALYZER_NONNULL = YES;
				CLANG_ANALYZER_NUMBER_OBJECT_CONVERSION = YES_AGGRESSIVE;
				CLANG_CXX_LANGUAGE_STANDARD = "gnu++14";
				CLANG_CXX_LIBRARY = "libc++";
				CLANG_ENABLE_MODULES = YES;
				CLANG_ENABLE_OBJC_ARC = YES;
				CLANG_ENABLE_OBJC_WEAK = YES;
				CLANG_WARN_BLOCK_CAPTURE_AUTORELEASING = YES;
				CLANG_WARN_BOOL_CONVERSION = YES;
				CLANG_WARN_COMMA = YES;
				CLANG_WARN_CONSTANT_CONVERSION = YES;
				CLANG_WARN_DEPRECATED_OBJC_IMPLEMENTATIONS = YES;
				CLANG_WARN_DIRECT_OBJC_ISA_USAGE = YES_ERROR;
				CLANG_WARN_DOCUMENTATION_COMMENTS = YES;
				CLANG_WARN_EMPTY_BODY = YES;
				CLANG_WARN_ENUM_CONVERSION = YES;
				CLANG_WARN_INFINITE_RECURSION = YES;
				CLANG_WARN_INT_CONVERSION = YES;
				CLANG_WARN_NON_LITERAL_NULL_CONVERSION = YES;
				CLANG_WARN_OBJC_IMPLICIT_RETAIN_SELF = YES;
				CLANG_WARN_OBJC_LITERAL_CONVERSION = YES;
				CLANG_WARN_OBJC_ROOT_CLASS = YES_ERROR;
				CLANG_WARN_QUOTED_INCLUDE_IN_FRAMEWORK_HEADER = YES;
				CLANG_WARN_RANGE_LOOP_ANALYSIS = YES;
				CLANG_WARN_STRICT_PROTOTYPES = YES;
				CLANG_WARN_SUSPICIOUS_MOVE = YES;
				CLANG_WARN_UNGUARDED_AVAILABILITY = YES_AGGRESSIVE;
				CLANG_WARN_UNREACHABLE_CODE = YES;
				CLANG_WARN__DUPLICATE_METHOD_MATCH = YES;
				COPY_PHASE_STRIP = NO;
				DEBUG_INFORMATION_FORMAT = "dwarf-with-dsym";
				ENABLE_NS_ASSERTIONS = NO;
				ENABLE_STRICT_OBJC_MSGSEND = YES;
				GCC_C_LANGUAGE_STANDARD = gnu11;
				GCC_NO_COMMON_BLOCKS = YES;
				GCC_WARN_64_TO_32_BIT_CONVERSION = YES;
				GCC_WARN_ABOUT_RETURN_TYPE = YES_ERROR;
				GCC_WARN_UNDECLARED_SELECTOR = YES;
				GCC_WARN_UNINITIALIZED_AUTOS = YES_AGGRESSIVE;
				GCC_WARN_UNUSED_FUNCTION = YES;
				GCC_WARN_UNUSED_VARIABLE = YES;
				IPHONEOS_DEPLOYMENT_TARGET = 14.0;
				MTL_ENABLE_DEBUG_INFO = NO;
				MTL_FAST_MATH = YES;
				SDKROOT = iphoneos;
				SWIFT_COMPILATION_MODE = wholemodule;
				SWIFT_OPTIMIZATION_LEVEL = "-O";
				VALIDATE_PRODUCT = YES;
			};
			name = Release;
		};
		DC842F3124B6957C00C94EA9 /* Debug */ = {
			isa = XCBuildConfiguration;
			buildSettings = {
				ASSETCATALOG_COMPILER_APPICON_NAME = AppIcon;
				ASSETCATALOG_COMPILER_GLOBAL_ACCENT_COLOR_NAME = AccentColor;
				CODE_SIGN_STYLE = Automatic;
				DEVELOPMENT_TEAM = Q4VWK733SP;
				INFOPLIST_FILE = breakeven/Info.plist;
				LD_RUNPATH_SEARCH_PATHS = (
					"$(inherited)",
					"@executable_path/Frameworks",
				);
				PRODUCT_BUNDLE_IDENTIFIER = com.samuelbeaulieu.breakeven;
				PRODUCT_NAME = "$(TARGET_NAME)";
				SWIFT_VERSION = 5.0;
				TARGETED_DEVICE_FAMILY = 1;
			};
			name = Debug;
		};
		DC842F3224B6957C00C94EA9 /* Release */ = {
			isa = XCBuildConfiguration;
			buildSettings = {
				ASSETCATALOG_COMPILER_APPICON_NAME = AppIcon;
				ASSETCATALOG_COMPILER_GLOBAL_ACCENT_COLOR_NAME = AccentColor;
				CODE_SIGN_STYLE = Automatic;
				DEVELOPMENT_TEAM = Q4VWK733SP;
				INFOPLIST_FILE = breakeven/Info.plist;
				LD_RUNPATH_SEARCH_PATHS = (
					"$(inherited)",
					"@executable_path/Frameworks",
				);
				PRODUCT_BUNDLE_IDENTIFIER = com.samuelbeaulieu.breakeven;
				PRODUCT_NAME = "$(TARGET_NAME)";
				SWIFT_VERSION = 5.0;
				TARGETED_DEVICE_FAMILY = 1;
			};
			name = Release;
		};
		DC842F3424B6957C00C94EA9 /* Debug */ = {
			isa = XCBuildConfiguration;
			buildSettings = {
				ALWAYS_EMBED_SWIFT_STANDARD_LIBRARIES = YES;
				BUNDLE_LOADER = "$(TEST_HOST)";
				CODE_SIGN_STYLE = Automatic;
				DEVELOPMENT_TEAM = Q4VWK733SP;
				INFOPLIST_FILE = breakevenTests/Info.plist;
				IPHONEOS_DEPLOYMENT_TARGET = 14.0;
				LD_RUNPATH_SEARCH_PATHS = (
					"$(inherited)",
					"@executable_path/Frameworks",
					"@loader_path/Frameworks",
				);
				PRODUCT_BUNDLE_IDENTIFIER = com.samuelbeaulieu.breakevenTests;
				PRODUCT_NAME = "$(TARGET_NAME)";
				SWIFT_VERSION = 5.0;
				TARGETED_DEVICE_FAMILY = "1,2";
				TEST_HOST = "$(BUILT_PRODUCTS_DIR)/breakeven.app/breakeven";
			};
			name = Debug;
		};
		DC842F3524B6957C00C94EA9 /* Release */ = {
			isa = XCBuildConfiguration;
			buildSettings = {
				ALWAYS_EMBED_SWIFT_STANDARD_LIBRARIES = YES;
				BUNDLE_LOADER = "$(TEST_HOST)";
				CODE_SIGN_STYLE = Automatic;
				DEVELOPMENT_TEAM = Q4VWK733SP;
				INFOPLIST_FILE = breakevenTests/Info.plist;
				IPHONEOS_DEPLOYMENT_TARGET = 14.0;
				LD_RUNPATH_SEARCH_PATHS = (
					"$(inherited)",
					"@executable_path/Frameworks",
					"@loader_path/Frameworks",
				);
				PRODUCT_BUNDLE_IDENTIFIER = com.samuelbeaulieu.breakevenTests;
				PRODUCT_NAME = "$(TARGET_NAME)";
				SWIFT_VERSION = 5.0;
				TARGETED_DEVICE_FAMILY = "1,2";
				TEST_HOST = "$(BUILT_PRODUCTS_DIR)/breakeven.app/breakeven";
			};
			name = Release;
		};
		DC842F3724B6957C00C94EA9 /* Debug */ = {
			isa = XCBuildConfiguration;
			buildSettings = {
				ALWAYS_EMBED_SWIFT_STANDARD_LIBRARIES = YES;
				CODE_SIGN_STYLE = Automatic;
				DEVELOPMENT_TEAM = Q4VWK733SP;
				INFOPLIST_FILE = breakevenUITests/Info.plist;
				LD_RUNPATH_SEARCH_PATHS = (
					"$(inherited)",
					"@executable_path/Frameworks",
					"@loader_path/Frameworks",
				);
				PRODUCT_BUNDLE_IDENTIFIER = com.samuelbeaulieu.breakevenUITests;
				PRODUCT_NAME = "$(TARGET_NAME)";
				SWIFT_VERSION = 5.0;
				TARGETED_DEVICE_FAMILY = "1,2";
				TEST_TARGET_NAME = breakeven;
			};
			name = Debug;
		};
		DC842F3824B6957C00C94EA9 /* Release */ = {
			isa = XCBuildConfiguration;
			buildSettings = {
				ALWAYS_EMBED_SWIFT_STANDARD_LIBRARIES = YES;
				CODE_SIGN_STYLE = Automatic;
				DEVELOPMENT_TEAM = Q4VWK733SP;
				INFOPLIST_FILE = breakevenUITests/Info.plist;
				LD_RUNPATH_SEARCH_PATHS = (
					"$(inherited)",
					"@executable_path/Frameworks",
					"@loader_path/Frameworks",
				);
				PRODUCT_BUNDLE_IDENTIFIER = com.samuelbeaulieu.breakevenUITests;
				PRODUCT_NAME = "$(TARGET_NAME)";
				SWIFT_VERSION = 5.0;
				TARGETED_DEVICE_FAMILY = "1,2";
				TEST_TARGET_NAME = breakeven;
			};
			name = Release;
		};
/* End XCBuildConfiguration section */

/* Begin XCConfigurationList section */
		DC842F0124B6957A00C94EA9 /* Build configuration list for PBXProject "breakeven" */ = {
			isa = XCConfigurationList;
			buildConfigurations = (
				DC842F2E24B6957C00C94EA9 /* Debug */,
				DC842F2F24B6957C00C94EA9 /* Release */,
			);
			defaultConfigurationIsVisible = 0;
			defaultConfigurationName = Release;
		};
		DC842F3024B6957C00C94EA9 /* Build configuration list for PBXNativeTarget "breakeven" */ = {
			isa = XCConfigurationList;
			buildConfigurations = (
				DC842F3124B6957C00C94EA9 /* Debug */,
				DC842F3224B6957C00C94EA9 /* Release */,
			);
			defaultConfigurationIsVisible = 0;
			defaultConfigurationName = Release;
		};
		DC842F3324B6957C00C94EA9 /* Build configuration list for PBXNativeTarget "breakevenTests" */ = {
			isa = XCConfigurationList;
			buildConfigurations = (
				DC842F3424B6957C00C94EA9 /* Debug */,
				DC842F3524B6957C00C94EA9 /* Release */,
			);
			defaultConfigurationIsVisible = 0;
			defaultConfigurationName = Release;
		};
		DC842F3624B6957C00C94EA9 /* Build configuration list for PBXNativeTarget "breakevenUITests" */ = {
			isa = XCConfigurationList;
			buildConfigurations = (
				DC842F3724B6957C00C94EA9 /* Debug */,
				DC842F3824B6957C00C94EA9 /* Release */,
			);
			defaultConfigurationIsVisible = 0;
			defaultConfigurationName = Release;
		};
/* End XCConfigurationList section */
	};
	rootObject = DC842EFE24B6957A00C94EA9 /* Project object */;
}
